
Microsoft Visual Studio Solution File, Format Version 12.00
# Visual Studio Version 16
VisualStudioVersion = 16.0.31424.327
MinimumVisualStudioVersion = 10.0.40219.1
Project("{9A19103F-16F7-4668-BE54-9A1E7A4F7556}") = "MyCollections", "MyCollections.csproj", "{4FAE0C10-C8EB-41F7-95F4-C4A08C79C668}"
EndProject
Project("{9A19103F-16F7-4668-BE54-9A1E7A4F7556}") = "Assignments", "..\Assignments\Assignments\Assignments.csproj", "{83558D8E-9B3B-4844-BC98-993A8D9D30A5}"
EndProject
Global
	GlobalSection(SolutionConfigurationPlatforms) = preSolution
		Debug|Any CPU = Debug|Any CPU
		Release|Any CPU = Release|Any CPU
	EndGlobalSection
	GlobalSection(ProjectConfigurationPlatforms) = postSolution
		{4FAE0C10-C8EB-41F7-95F4-C4A08C79C668}.Debug|Any CPU.ActiveCfg = Debug|Any CPU
		{4FAE0C10-C8EB-41F7-95F4-C4A08C79C668}.Debug|Any CPU.Build.0 = Debug|Any CPU
		{4FAE0C10-C8EB-41F7-95F4-C4A08C79C668}.Release|Any CPU.ActiveCfg = Release|Any CPU
		{4FAE0C10-C8EB-41F7-95F4-C4A08C79C668}.Release|Any CPU.Build.0 = Release|Any CPU
		{83558D8E-9B3B-4844-BC98-993A8D9D30A5}.Debug|Any CPU.ActiveCfg = Debug|Any CPU
		{83558D8E-9B3B-4844-BC98-993A8D9D30A5}.Debug|Any CPU.Build.0 = Debug|Any CPU
		{83558D8E-9B3B-4844-BC98-993A8D9D30A5}.Release|Any CPU.ActiveCfg = Release|Any CPU
		{83558D8E-9B3B-4844-BC98-993A8D9D30A5}.Release|Any CPU.Build.0 = Release|Any CPU
	EndGlobalSection
	GlobalSection(SolutionProperties) = preSolution
		HideSolutionNode = FALSE
	EndGlobalSection
	GlobalSection(ExtensibilityGlobals) = postSolution
		SolutionGuid = {0831C493-797D-4E0C-812B-7CDF0867E19C}
	EndGlobalSection
EndGlobal
